
Microsoft Visual Studio Solution File, Format Version 12.00
# Visual Studio Version 17
VisualStudioVersion = 17.14.36109.1
MinimumVisualStudioVersion = 10.0.40219.1
Project("{FAE04EC0-301F-11D3-BF4B-00C04F79EFBC}") = "AuthenService.API", "AuthenService.API\AuthenService.API.csproj", "{5BD6C672-808A-4AE8-9E54-E08F3EC487A9}"
EndProject
Project("{FAE04EC0-301F-11D3-BF4B-00C04F79EFBC}") = "AuthenService.Domain", "AuthenService.Domain\AuthenService.Domain.csproj", "{0AD2B0BC-C2B7-4C3E-BC5B-34C780C76F95}"
EndProject
Project("{FAE04EC0-301F-11D3-BF4B-00C04F79EFBC}") = "AuthenService.Infrastructure", "AuthenService.Infrastructure\AuthenService.Infrastructure.csproj", "{DD439CDA-6830-4893-874C-E0E2DAA18A90}"
EndProject
Project("{FAE04EC0-301F-11D3-BF4B-00C04F79EFBC}") = "AuthenService.Application", "AuthenService.Application\AuthenService.Application.csproj", "{6C4773B6-1EF1-4AC7-821A-C0837A94BF6D}"
EndProject
Global
	GlobalSection(SolutionConfigurationPlatforms) = preSolution
		Debug|Any CPU = Debug|Any CPU
		Release|Any CPU = Release|Any CPU
	EndGlobalSection
	GlobalSection(ProjectConfigurationPlatforms) = postSolution
		{5BD6C672-808A-4AE8-9E54-E08F3EC487A9}.Debug|Any CPU.ActiveCfg = Debug|Any CPU
		{5BD6C672-808A-4AE8-9E54-E08F3EC487A9}.Debug|Any CPU.Build.0 = Debug|Any CPU
		{5BD6C672-808A-4AE8-9E54-E08F3EC487A9}.Release|Any CPU.ActiveCfg = Release|Any CPU
		{5BD6C672-808A-4AE8-9E54-E08F3EC487A9}.Release|Any CPU.Build.0 = Release|Any CPU
		{0AD2B0BC-C2B7-4C3E-BC5B-34C780C76F95}.Debug|Any CPU.ActiveCfg = Debug|Any CPU
		{0AD2B0BC-C2B7-4C3E-BC5B-34C780C76F95}.Debug|Any CPU.Build.0 = Debug|Any CPU
		{0AD2B0BC-C2B7-4C3E-BC5B-34C780C76F95}.Release|Any CPU.ActiveCfg = Release|Any CPU
		{0AD2B0BC-C2B7-4C3E-BC5B-34C780C76F95}.Release|Any CPU.Build.0 = Release|Any CPU
		{DD439CDA-6830-4893-874C-E0E2DAA18A90}.Debug|Any CPU.ActiveCfg = Debug|Any CPU
		{DD439CDA-6830-4893-874C-E0E2DAA18A90}.Debug|Any CPU.Build.0 = Debug|Any CPU
		{DD439CDA-6830-4893-874C-E0E2DAA18A90}.Release|Any CPU.ActiveCfg = Release|Any CPU
		{DD439CDA-6830-4893-874C-E0E2DAA18A90}.Release|Any CPU.Build.0 = Release|Any CPU
		{6C4773B6-1EF1-4AC7-821A-C0837A94BF6D}.Debug|Any CPU.ActiveCfg = Debug|Any CPU
		{6C4773B6-1EF1-4AC7-821A-C0837A94BF6D}.Debug|Any CPU.Build.0 = Debug|Any CPU
		{6C4773B6-1EF1-4AC7-821A-C0837A94BF6D}.Release|Any CPU.ActiveCfg = Release|Any CPU
		{6C4773B6-1EF1-4AC7-821A-C0837A94BF6D}.Release|Any CPU.Build.0 = Release|Any CPU
	EndGlobalSection
	GlobalSection(SolutionProperties) = preSolution
		HideSolutionNode = FALSE
	EndGlobalSection
	GlobalSection(ExtensibilityGlobals) = postSolution
		SolutionGuid = {58B271E7-E2D2-4A22-B369-26A584081D45}
	EndGlobalSection
EndGlobal
